
Microsoft Visual Studio Solution File, Format Version 12.00
# Visual Studio Version 16
VisualStudioVersion = 16.0.35425.106
MinimumVisualStudioVersion = 10.0.40219.1
Project("{FAE04EC0-301F-11D3-BF4B-00C04F79EFBC}") = "Tyuiu.FominPT.Lab3.Review.V20", "Tyuiu.FominPT.Lab3\Tyuiu.FominPT.Lab3.Review.V20.csproj", "{C467CE25-5A14-47CE-A6A3-AA1D76A139CC}"
EndProject
Project("{2150E333-8FDC-42A3-9474-1A3956D46DE8}") = "Lab3", "Lab3", "{D240E751-FB79-4659-9AAE-15380A733273}"
EndProject
Project("{FAE04EC0-301F-11D3-BF4B-00C04F79EFBC}") = "SolveMathFirstExpression.Test", "SolveMathFirstExpression.Test\SolveMathFirstExpression.Test.csproj", "{1C15633C-60AF-42DF-AE67-984A856B8BD2}"
EndProject
Project("{FAE04EC0-301F-11D3-BF4B-00C04F79EFBC}") = "SolveMathSecondExpression.Test", "SolveMathSecondExpression.Test\SolveMathSecondExpression.Test.csproj", "{FC9A406A-C218-4211-B0B7-A5E4B2572691}"
EndProject
Project("{FAE04EC0-301F-11D3-BF4B-00C04F79EFBC}") = "SolveTabMathFunction.Test", "SolveTabMathFuction.Test\SolveTabMathFunction.Test.csproj", "{5AA9C9A2-A23E-4814-892C-54A89397815C}"
EndProject
Project("{FAE04EC0-301F-11D3-BF4B-00C04F79EFBC}") = "SolveCalculate.Test", "SolveCalculate.Test\SolveCalculate.Test.csproj", "{AD92DD0B-561C-4AF5-97BA-5DBC6C04D895}"
EndProject
Project("{FAE04EC0-301F-11D3-BF4B-00C04F79EFBC}") = "SolveArray.Test", "SolveArray.Test\SolveArray.Test.csproj", "{B65CEEB3-DF33-4025-8B91-403917CD3E10}"
EndProject
Project("{FAE04EC0-301F-11D3-BF4B-00C04F79EFBC}") = "SolveMathFirstExpression.Lib", "SolveMathFirstExpression.Lib\SolveMathFirstExpression.Lib.csproj", "{53AF6284-890C-469B-9EBD-85542544CAE9}"
EndProject
Project("{FAE04EC0-301F-11D3-BF4B-00C04F79EFBC}") = "SolveMathSecondExpression.Lib", "SolveMathSecondExpression.Lib\SolveMathSecondExpression.Lib.csproj", "{06FE29A6-61F8-4437-AF53-CE8455D94971}"
EndProject
Project("{FAE04EC0-301F-11D3-BF4B-00C04F79EFBC}") = "SolveArray.Lib", "SolveArray.Lib\SolveArray.Lib.csproj", "{B1FDF7C7-3D19-4FEB-AFDA-BBBDBC066249}"
EndProject
Project("{FAE04EC0-301F-11D3-BF4B-00C04F79EFBC}") = "SolveCalculate.Lib", "SolveCalculate.Lib\SolveCalculate.Lib.csproj", "{F2298923-CE04-4949-8783-1E8A0AD11A88}"
EndProject
Project("{FAE04EC0-301F-11D3-BF4B-00C04F79EFBC}") = "SolveTabMathFunction.Lib", "SolveTabMathFuction.Lib\SolveTabMathFunction.Lib.csproj", "{303E5AFA-9D03-470C-8DD7-6F588769B230}"
EndProject
Global
	GlobalSection(SolutionConfigurationPlatforms) = preSolution
		Debug|Any CPU = Debug|Any CPU
		Release|Any CPU = Release|Any CPU
	EndGlobalSection
	GlobalSection(ProjectConfigurationPlatforms) = postSolution
		{C467CE25-5A14-47CE-A6A3-AA1D76A139CC}.Debug|Any CPU.ActiveCfg = Debug|Any CPU
		{C467CE25-5A14-47CE-A6A3-AA1D76A139CC}.Debug|Any CPU.Build.0 = Debug|Any CPU
		{C467CE25-5A14-47CE-A6A3-AA1D76A139CC}.Release|Any CPU.ActiveCfg = Release|Any CPU
		{C467CE25-5A14-47CE-A6A3-AA1D76A139CC}.Release|Any CPU.Build.0 = Release|Any CPU
		{1C15633C-60AF-42DF-AE67-984A856B8BD2}.Debug|Any CPU.ActiveCfg = Debug|Any CPU
		{1C15633C-60AF-42DF-AE67-984A856B8BD2}.Debug|Any CPU.Build.0 = Debug|Any CPU
		{1C15633C-60AF-42DF-AE67-984A856B8BD2}.Release|Any CPU.ActiveCfg = Release|Any CPU
		{1C15633C-60AF-42DF-AE67-984A856B8BD2}.Release|Any CPU.Build.0 = Release|Any CPU
		{FC9A406A-C218-4211-B0B7-A5E4B2572691}.Debug|Any CPU.ActiveCfg = Debug|Any CPU
		{FC9A406A-C218-4211-B0B7-A5E4B2572691}.Debug|Any CPU.Build.0 = Debug|Any CPU
		{FC9A406A-C218-4211-B0B7-A5E4B2572691}.Release|Any CPU.ActiveCfg = Release|Any CPU
		{FC9A406A-C218-4211-B0B7-A5E4B2572691}.Release|Any CPU.Build.0 = Release|Any CPU
		{5AA9C9A2-A23E-4814-892C-54A89397815C}.Debug|Any CPU.ActiveCfg = Debug|Any CPU
		{5AA9C9A2-A23E-4814-892C-54A89397815C}.Debug|Any CPU.Build.0 = Debug|Any CPU
		{5AA9C9A2-A23E-4814-892C-54A89397815C}.Release|Any CPU.ActiveCfg = Release|Any CPU
		{5AA9C9A2-A23E-4814-892C-54A89397815C}.Release|Any CPU.Build.0 = Release|Any CPU
		{AD92DD0B-561C-4AF5-97BA-5DBC6C04D895}.Debug|Any CPU.ActiveCfg = Debug|Any CPU
		{AD92DD0B-561C-4AF5-97BA-5DBC6C04D895}.Debug|Any CPU.Build.0 = Debug|Any CPU
		{AD92DD0B-561C-4AF5-97BA-5DBC6C04D895}.Release|Any CPU.ActiveCfg = Release|Any CPU
		{AD92DD0B-561C-4AF5-97BA-5DBC6C04D895}.Release|Any CPU.Build.0 = Release|Any CPU
		{B65CEEB3-DF33-4025-8B91-403917CD3E10}.Debug|Any CPU.ActiveCfg = Debug|Any CPU
		{B65CEEB3-DF33-4025-8B91-403917CD3E10}.Debug|Any CPU.Build.0 = Debug|Any CPU
		{B65CEEB3-DF33-4025-8B91-403917CD3E10}.Release|Any CPU.ActiveCfg = Release|Any CPU
		{B65CEEB3-DF33-4025-8B91-403917CD3E10}.Release|Any CPU.Build.0 = Release|Any CPU
		{53AF6284-890C-469B-9EBD-85542544CAE9}.Debug|Any CPU.ActiveCfg = Debug|Any CPU
		{53AF6284-890C-469B-9EBD-85542544CAE9}.Debug|Any CPU.Build.0 = Debug|Any CPU
		{53AF6284-890C-469B-9EBD-85542544CAE9}.Release|Any CPU.ActiveCfg = Release|Any CPU
		{53AF6284-890C-469B-9EBD-85542544CAE9}.Release|Any CPU.Build.0 = Release|Any CPU
		{06FE29A6-61F8-4437-AF53-CE8455D94971}.Debug|Any CPU.ActiveCfg = Debug|Any CPU
		{06FE29A6-61F8-4437-AF53-CE8455D94971}.Debug|Any CPU.Build.0 = Debug|Any CPU
		{06FE29A6-61F8-4437-AF53-CE8455D94971}.Release|Any CPU.ActiveCfg = Release|Any CPU
		{06FE29A6-61F8-4437-AF53-CE8455D94971}.Release|Any CPU.Build.0 = Release|Any CPU
		{B1FDF7C7-3D19-4FEB-AFDA-BBBDBC066249}.Debug|Any CPU.ActiveCfg = Debug|Any CPU
		{B1FDF7C7-3D19-4FEB-AFDA-BBBDBC066249}.Debug|Any CPU.Build.0 = Debug|Any CPU
		{B1FDF7C7-3D19-4FEB-AFDA-BBBDBC066249}.Release|Any CPU.ActiveCfg = Release|Any CPU
		{B1FDF7C7-3D19-4FEB-AFDA-BBBDBC066249}.Release|Any CPU.Build.0 = Release|Any CPU
		{F2298923-CE04-4949-8783-1E8A0AD11A88}.Debug|Any CPU.ActiveCfg = Debug|Any CPU
		{F2298923-CE04-4949-8783-1E8A0AD11A88}.Debug|Any CPU.Build.0 = Debug|Any CPU
		{F2298923-CE04-4949-8783-1E8A0AD11A88}.Release|Any CPU.ActiveCfg = Release|Any CPU
		{F2298923-CE04-4949-8783-1E8A0AD11A88}.Release|Any CPU.Build.0 = Release|Any CPU
		{303E5AFA-9D03-470C-8DD7-6F588769B230}.Debug|Any CPU.ActiveCfg = Debug|Any CPU
		{303E5AFA-9D03-470C-8DD7-6F588769B230}.Debug|Any CPU.Build.0 = Debug|Any CPU
		{303E5AFA-9D03-470C-8DD7-6F588769B230}.Release|Any CPU.ActiveCfg = Release|Any CPU
		{303E5AFA-9D03-470C-8DD7-6F588769B230}.Release|Any CPU.Build.0 = Release|Any CPU
	EndGlobalSection
	GlobalSection(SolutionProperties) = preSolution
		HideSolutionNode = FALSE
	EndGlobalSection
	GlobalSection(NestedProjects) = preSolution
		{C467CE25-5A14-47CE-A6A3-AA1D76A139CC} = {D240E751-FB79-4659-9AAE-15380A733273}
		{1C15633C-60AF-42DF-AE67-984A856B8BD2} = {D240E751-FB79-4659-9AAE-15380A733273}
		{FC9A406A-C218-4211-B0B7-A5E4B2572691} = {D240E751-FB79-4659-9AAE-15380A733273}
		{5AA9C9A2-A23E-4814-892C-54A89397815C} = {D240E751-FB79-4659-9AAE-15380A733273}
		{AD92DD0B-561C-4AF5-97BA-5DBC6C04D895} = {D240E751-FB79-4659-9AAE-15380A733273}
		{B65CEEB3-DF33-4025-8B91-403917CD3E10} = {D240E751-FB79-4659-9AAE-15380A733273}
		{53AF6284-890C-469B-9EBD-85542544CAE9} = {D240E751-FB79-4659-9AAE-15380A733273}
		{06FE29A6-61F8-4437-AF53-CE8455D94971} = {D240E751-FB79-4659-9AAE-15380A733273}
		{B1FDF7C7-3D19-4FEB-AFDA-BBBDBC066249} = {D240E751-FB79-4659-9AAE-15380A733273}
		{F2298923-CE04-4949-8783-1E8A0AD11A88} = {D240E751-FB79-4659-9AAE-15380A733273}
		{303E5AFA-9D03-470C-8DD7-6F588769B230} = {D240E751-FB79-4659-9AAE-15380A733273}
	EndGlobalSection
	GlobalSection(ExtensibilityGlobals) = postSolution
		SolutionGuid = {2C4569CD-E102-4AD8-87EC-FE9FE669A842}
	EndGlobalSection
EndGlobal
